{
  "object": {
    "pins": [
      {
        "package": "secp256k1",
        "repositoryURL": "https://github.com/GigaBitcoin/secp256k1.swift.git",
        "state": {
          "branch": null,
          "revision": "dcbf99a591ca320ba44e8fc5ae8eeb960589417f",
          "version": "0.2.0"
        }
      }
    ]
  },
  "version": 1
}
